
Microsoft Visual Studio Solution File, Format Version 12.00
# Visual Studio Version 16
VisualStudioVersion = 16.0.30114.105
MinimumVisualStudioVersion = 10.0.40219.1
Project("{2150E333-8FDC-42A3-9474-1A3956D46DE8}") = "src", "src", "{0FFD732E-D8EB-4BF3-AB2E-917E1F3CB98F}"
EndProject
Project("{FAE04EC0-301F-11D3-BF4B-00C04F79EFBC}") = "Tasky.Cli", "src\Tasky.Cli\Tasky.Cli.csproj", "{3510BCB6-4106-49CF-B8C9-D61647900361}"
EndProject
Project("{FAE04EC0-301F-11D3-BF4B-00C04F79EFBC}") = "Tasky.Core", "src\Tasky.Core\Tasky.Core.csproj", "{72B5CCE8-301C-4566-AE74-49C390BE9D45}"
EndProject
Global
	GlobalSection(SolutionConfigurationPlatforms) = preSolution
		Debug|Any CPU = Debug|Any CPU
		Release|Any CPU = Release|Any CPU
	EndGlobalSection
	GlobalSection(SolutionProperties) = preSolution
		HideSolutionNode = FALSE
	EndGlobalSection
	GlobalSection(ProjectConfigurationPlatforms) = postSolution
		{3510BCB6-4106-49CF-B8C9-D61647900361}.Debug|Any CPU.ActiveCfg = Debug|Any CPU
		{3510BCB6-4106-49CF-B8C9-D61647900361}.Debug|Any CPU.Build.0 = Debug|Any CPU
		{3510BCB6-4106-49CF-B8C9-D61647900361}.Release|Any CPU.ActiveCfg = Release|Any CPU
		{3510BCB6-4106-49CF-B8C9-D61647900361}.Release|Any CPU.Build.0 = Release|Any CPU
		{72B5CCE8-301C-4566-AE74-49C390BE9D45}.Debug|Any CPU.ActiveCfg = Debug|Any CPU
		{72B5CCE8-301C-4566-AE74-49C390BE9D45}.Debug|Any CPU.Build.0 = Debug|Any CPU
		{72B5CCE8-301C-4566-AE74-49C390BE9D45}.Release|Any CPU.ActiveCfg = Release|Any CPU
		{72B5CCE8-301C-4566-AE74-49C390BE9D45}.Release|Any CPU.Build.0 = Release|Any CPU
	EndGlobalSection
	GlobalSection(NestedProjects) = preSolution
		{3510BCB6-4106-49CF-B8C9-D61647900361} = {0FFD732E-D8EB-4BF3-AB2E-917E1F3CB98F}
		{72B5CCE8-301C-4566-AE74-49C390BE9D45} = {0FFD732E-D8EB-4BF3-AB2E-917E1F3CB98F}
	EndGlobalSection
EndGlobal
